
Microsoft Visual Studio Solution File, Format Version 12.00
# Visual Studio 15
VisualStudioVersion = 15.0.27004.2010
MinimumVisualStudioVersion = 10.0.40219.1
Project("{FAE04EC0-301F-11D3-BF4B-00C04F79EFBC}") = "合并表", "合并表\合并表.csproj", "{6D1C484C-A65F-41E6-884D-172C2820CD97}"
EndProject
Global
	GlobalSection(SolutionConfigurationPlatforms) = preSolution
		Debug|Any CPU = Debug|Any CPU
		Release|Any CPU = Release|Any CPU
	EndGlobalSection
	GlobalSection(ProjectConfigurationPlatforms) = postSolution
		{6D1C484C-A65F-41E6-884D-172C2820CD97}.Debug|Any CPU.ActiveCfg = Debug|Any CPU
		{6D1C484C-A65F-41E6-884D-172C2820CD97}.Debug|Any CPU.Build.0 = Debug|Any CPU
		{6D1C484C-A65F-41E6-884D-172C2820CD97}.Release|Any CPU.ActiveCfg = Release|Any CPU
		{6D1C484C-A65F-41E6-884D-172C2820CD97}.Release|Any CPU.Build.0 = Release|Any CPU
	EndGlobalSection
	GlobalSection(SolutionProperties) = preSolution
		HideSolutionNode = FALSE
	EndGlobalSection
	GlobalSection(ExtensibilityGlobals) = postSolution
		SolutionGuid = {44A1425F-9186-4CC1-9335-64CFE38697F9}
	EndGlobalSection
EndGlobal
